
Microsoft Visual Studio Solution File, Format Version 12.00
# Visual Studio Version 17
VisualStudioVersion = 17.7.34031.279
MinimumVisualStudioVersion = 10.0.40219.1
Project("{9A19103F-16F7-4668-BE54-9A1E7A4F7556}") = "PokemonCS", "PokemonCS.csproj", "{0611CE09-34BD-4D19-BE34-3430ABD74223}"
EndProject
Project("{2150E333-8FDC-42A3-9474-1A3956D46DE8}") = "Solution Items", "Solution Items", "{56B367B3-0A7E-4B1B-931C-A7664064375B}"
	ProjectSection(SolutionItems) = preProject
		.editorconfig = .editorconfig
	EndProjectSection
EndProject
Project("{FAE04EC0-301F-11D3-BF4B-00C04F79EFBC}") = "UnitTest", "..\UnitTest\UnitTest.csproj", "{2834F0CC-7F1C-43EC-AF10-9FB0C7F613B0}"
EndProject
Project("{9A19103F-16F7-4668-BE54-9A1E7A4F7556}") = "UnitTest2", "..\UnitTest2\UnitTest2.csproj", "{C6583C84-7C0F-4D03-80D6-500B3E1E569B}"
EndProject
Global
	GlobalSection(SolutionConfigurationPlatforms) = preSolution
		Debug|Any CPU = Debug|Any CPU
		Release|Any CPU = Release|Any CPU
	EndGlobalSection
	GlobalSection(ProjectConfigurationPlatforms) = postSolution
		{0611CE09-34BD-4D19-BE34-3430ABD74223}.Debug|Any CPU.ActiveCfg = Debug|Any CPU
		{0611CE09-34BD-4D19-BE34-3430ABD74223}.Debug|Any CPU.Build.0 = Debug|Any CPU
		{0611CE09-34BD-4D19-BE34-3430ABD74223}.Release|Any CPU.ActiveCfg = Release|Any CPU
		{0611CE09-34BD-4D19-BE34-3430ABD74223}.Release|Any CPU.Build.0 = Release|Any CPU
		{2834F0CC-7F1C-43EC-AF10-9FB0C7F613B0}.Debug|Any CPU.ActiveCfg = Debug|Any CPU
		{2834F0CC-7F1C-43EC-AF10-9FB0C7F613B0}.Debug|Any CPU.Build.0 = Debug|Any CPU
		{2834F0CC-7F1C-43EC-AF10-9FB0C7F613B0}.Release|Any CPU.ActiveCfg = Release|Any CPU
		{2834F0CC-7F1C-43EC-AF10-9FB0C7F613B0}.Release|Any CPU.Build.0 = Release|Any CPU
		{C6583C84-7C0F-4D03-80D6-500B3E1E569B}.Debug|Any CPU.ActiveCfg = Debug|Any CPU
		{C6583C84-7C0F-4D03-80D6-500B3E1E569B}.Debug|Any CPU.Build.0 = Debug|Any CPU
		{C6583C84-7C0F-4D03-80D6-500B3E1E569B}.Release|Any CPU.ActiveCfg = Release|Any CPU
		{C6583C84-7C0F-4D03-80D6-500B3E1E569B}.Release|Any CPU.Build.0 = Release|Any CPU
	EndGlobalSection
	GlobalSection(SolutionProperties) = preSolution
		HideSolutionNode = FALSE
	EndGlobalSection
	GlobalSection(ExtensibilityGlobals) = postSolution
		SolutionGuid = {AF194026-C78C-45BC-8EA8-4F6A78CEF70F}
	EndGlobalSection
EndGlobal
