
Microsoft Visual Studio Solution File, Format Version 12.00
# Visual Studio Version 17
VisualStudioVersion = 17.7.34031.279
MinimumVisualStudioVersion = 10.0.40219.1
Project("{9A19103F-16F7-4668-BE54-9A1E7A4F7556}") = "PokemonCS", "PokemonCS.csproj", "{0611CE09-34BD-4D19-BE34-3430ABD74223}"
EndProject
Global
	GlobalSection(SolutionConfigurationPlatforms) = preSolution
		Debug|Any CPU = Debug|Any CPU
		Release|Any CPU = Release|Any CPU
	EndGlobalSection
	GlobalSection(ProjectConfigurationPlatforms) = postSolution
		{0611CE09-34BD-4D19-BE34-3430ABD74223}.Debug|Any CPU.ActiveCfg = Debug|Any CPU
		{0611CE09-34BD-4D19-BE34-3430ABD74223}.Debug|Any CPU.Build.0 = Debug|Any CPU
		{0611CE09-34BD-4D19-BE34-3430ABD74223}.Release|Any CPU.ActiveCfg = Release|Any CPU
		{0611CE09-34BD-4D19-BE34-3430ABD74223}.Release|Any CPU.Build.0 = Release|Any CPU
	EndGlobalSection
	GlobalSection(SolutionProperties) = preSolution
		HideSolutionNode = FALSE
	EndGlobalSection
	GlobalSection(ExtensibilityGlobals) = postSolution
		SolutionGuid = {AF194026-C78C-45BC-8EA8-4F6A78CEF70F}
	EndGlobalSection
EndGlobal
